
Microsoft Visual Studio Solution File, Format Version 12.00
# Visual Studio Version 17
VisualStudioVersion = 17.5.2.0
MinimumVisualStudioVersion = 10.0.40219.1
Project("{2150E333-8FDC-42A3-9474-1A3956D46DE8}") = "src", "src", "{827E0CD3-B72D-47B6-A68D-7590B98EB39B}"
EndProject
Project("{FAE04EC0-301F-11D3-BF4B-00C04F79EFBC}") = "FocusDock.App", "src\FocusDock.App\FocusDock.App.csproj", "{DBE5FE05-4AC7-75EB-F4A0-F528F4912CC8}"
EndProject
Project("{FAE04EC0-301F-11D3-BF4B-00C04F79EFBC}") = "FocusDock.Core", "src\FocusDock.Core\FocusDock.Core.csproj", "{8E180AF0-2349-9E64-231F-42F456596F15}"
EndProject
Project("{FAE04EC0-301F-11D3-BF4B-00C04F79EFBC}") = "FocusDock.Data", "src\FocusDock.Data\FocusDock.Data.csproj", "{845DDDCF-1EA1-7AA3-FAE4-1A300776A651}"
EndProject
Project("{FAE04EC0-301F-11D3-BF4B-00C04F79EFBC}") = "FocusDock.System", "src\FocusDock.System\FocusDock.System.csproj", "{5A7FDBEC-CFD7-8125-4F47-F90A7ECA9221}"
EndProject
Project("{FAE04EC0-301F-11D3-BF4B-00C04F79EFBC}") = "FocusDeck.Shared", "src\FocusDeck.Shared\FocusDeck.Shared.csproj", "{DBE16157-BDCF-4A1B-AC51-CA2E4EBCD599}"
EndProject
Project("{FAE04EC0-301F-11D3-BF4B-00C04F79EFBC}") = "FocusDeck.Services", "src\FocusDeck.Services\FocusDeck.Services.csproj", "{ECDFB855-859C-4F9D-B97B-47545513F30B}"
EndProject
Project("{FAE04EC0-301F-11D3-BF4B-00C04F79EFBC}") = "FocusDeck.Mobile", "src\FocusDeck.Mobile\FocusDeck.Mobile.csproj", "{E1385EF7-C99C-4AB6-87F6-9BCA03A995F9}"
EndProject
Project("{FAE04EC0-301F-11D3-BF4B-00C04F79EFBC}") = "FocusDeck.Server", "src\FocusDeck.Server\FocusDeck.Server.csproj", "{95BAF595-6782-4D9A-9C06-50DC6CC16217}"
EndProject
Project("{FAE04EC0-301F-11D3-BF4B-00C04F79EFBC}") = "FocusDock.Agent", "src\FocusDock.Agent\FocusDock.Agent.csproj", "{1A2B3C4D-5E6F-7081-92A3-B4C5D6E7F809}"
EndProject
Project("{FAE04EC0-301F-11D3-BF4B-00C04F79EFBC}") = "FocusDeck.SharedKernel", "src\FocusDeck.SharedKernel\FocusDeck.SharedKernel.csproj", "{C19F8EBC-613C-45F0-8EA1-F1526806BC03}"
EndProject
Project("{FAE04EC0-301F-11D3-BF4B-00C04F79EFBC}") = "FocusDeck.Domain", "src\FocusDeck.Domain\FocusDeck.Domain.csproj", "{0AE4CE1B-4FCA-49FC-A4E7-FA6BDD7ECDE5}"
EndProject
Project("{FAE04EC0-301F-11D3-BF4B-00C04F79EFBC}") = "FocusDeck.Persistence", "src\FocusDeck.Persistence\FocusDeck.Persistence.csproj", "{8FD9BADE-A0F1-4911-98FD-ACEDFDF576FB}"
EndProject
Project("{FAE04EC0-301F-11D3-BF4B-00C04F79EFBC}") = "FocusDeck.Contracts", "src\FocusDeck.Contracts\FocusDeck.Contracts.csproj", "{E9BAE0B6-4A2E-4E39-967B-26C5DCA72D2A}"
EndProject
Project("{FAE04EC0-301F-11D3-BF4B-00C04F79EFBC}") = "FocusDeck.Desktop", "src\FocusDeck.Desktop\FocusDeck.Desktop.csproj", "{BECA4FC2-C760-4E07-B8CC-D45394AD68DB}"
EndProject
Global
	GlobalSection(SolutionConfigurationPlatforms) = preSolution
		Debug|Any CPU = Debug|Any CPU
		Debug|x64 = Debug|x64
		Debug|x86 = Debug|x86
		Release|Any CPU = Release|Any CPU
		Release|x64 = Release|x64
		Release|x86 = Release|x86
	EndGlobalSection
	GlobalSection(ProjectConfigurationPlatforms) = postSolution
		{DBE5FE05-4AC7-75EB-F4A0-F528F4912CC8}.Debug|Any CPU.ActiveCfg = Debug|Any CPU
		{DBE5FE05-4AC7-75EB-F4A0-F528F4912CC8}.Debug|Any CPU.Build.0 = Debug|Any CPU
		{DBE5FE05-4AC7-75EB-F4A0-F528F4912CC8}.Debug|x64.ActiveCfg = Debug|Any CPU
		{DBE5FE05-4AC7-75EB-F4A0-F528F4912CC8}.Debug|x64.Build.0 = Debug|Any CPU
		{DBE5FE05-4AC7-75EB-F4A0-F528F4912CC8}.Debug|x86.ActiveCfg = Debug|Any CPU
		{DBE5FE05-4AC7-75EB-F4A0-F528F4912CC8}.Debug|x86.Build.0 = Debug|Any CPU
		{DBE5FE05-4AC7-75EB-F4A0-F528F4912CC8}.Release|Any CPU.ActiveCfg = Release|Any CPU
		{DBE5FE05-4AC7-75EB-F4A0-F528F4912CC8}.Release|Any CPU.Build.0 = Release|Any CPU
		{DBE5FE05-4AC7-75EB-F4A0-F528F4912CC8}.Release|x64.ActiveCfg = Release|Any CPU
		{DBE5FE05-4AC7-75EB-F4A0-F528F4912CC8}.Release|x64.Build.0 = Release|Any CPU
		{DBE5FE05-4AC7-75EB-F4A0-F528F4912CC8}.Release|x86.ActiveCfg = Release|Any CPU
		{DBE5FE05-4AC7-75EB-F4A0-F528F4912CC8}.Release|x86.Build.0 = Release|Any CPU
		{8E180AF0-2349-9E64-231F-42F456596F15}.Debug|Any CPU.ActiveCfg = Debug|Any CPU
		{8E180AF0-2349-9E64-231F-42F456596F15}.Debug|Any CPU.Build.0 = Debug|Any CPU
		{8E180AF0-2349-9E64-231F-42F456596F15}.Debug|x64.ActiveCfg = Debug|Any CPU
		{8E180AF0-2349-9E64-231F-42F456596F15}.Debug|x64.Build.0 = Debug|Any CPU
		{8E180AF0-2349-9E64-231F-42F456596F15}.Debug|x86.ActiveCfg = Debug|Any CPU
		{8E180AF0-2349-9E64-231F-42F456596F15}.Debug|x86.Build.0 = Debug|Any CPU
		{8E180AF0-2349-9E64-231F-42F456596F15}.Release|Any CPU.ActiveCfg = Release|Any CPU
		{8E180AF0-2349-9E64-231F-42F456596F15}.Release|Any CPU.Build.0 = Release|Any CPU
		{8E180AF0-2349-9E64-231F-42F456596F15}.Release|x64.ActiveCfg = Release|Any CPU
		{8E180AF0-2349-9E64-231F-42F456596F15}.Release|x64.Build.0 = Release|Any CPU
		{8E180AF0-2349-9E64-231F-42F456596F15}.Release|x86.ActiveCfg = Release|Any CPU
		{8E180AF0-2349-9E64-231F-42F456596F15}.Release|x86.Build.0 = Release|Any CPU
		{845DDDCF-1EA1-7AA3-FAE4-1A300776A651}.Debug|Any CPU.ActiveCfg = Debug|Any CPU
		{845DDDCF-1EA1-7AA3-FAE4-1A300776A651}.Debug|Any CPU.Build.0 = Debug|Any CPU
		{845DDDCF-1EA1-7AA3-FAE4-1A300776A651}.Debug|x64.ActiveCfg = Debug|Any CPU
		{845DDDCF-1EA1-7AA3-FAE4-1A300776A651}.Debug|x64.Build.0 = Debug|Any CPU
		{845DDDCF-1EA1-7AA3-FAE4-1A300776A651}.Debug|x86.ActiveCfg = Debug|Any CPU
		{845DDDCF-1EA1-7AA3-FAE4-1A300776A651}.Debug|x86.Build.0 = Debug|Any CPU
		{845DDDCF-1EA1-7AA3-FAE4-1A300776A651}.Release|Any CPU.ActiveCfg = Release|Any CPU
		{845DDDCF-1EA1-7AA3-FAE4-1A300776A651}.Release|Any CPU.Build.0 = Release|Any CPU
		{845DDDCF-1EA1-7AA3-FAE4-1A300776A651}.Release|x64.ActiveCfg = Release|Any CPU
		{845DDDCF-1EA1-7AA3-FAE4-1A300776A651}.Release|x64.Build.0 = Release|Any CPU
		{845DDDCF-1EA1-7AA3-FAE4-1A300776A651}.Release|x86.ActiveCfg = Release|Any CPU
		{845DDDCF-1EA1-7AA3-FAE4-1A300776A651}.Release|x86.Build.0 = Release|Any CPU
		{5A7FDBEC-CFD7-8125-4F47-F90A7ECA9221}.Debug|Any CPU.ActiveCfg = Debug|Any CPU
		{5A7FDBEC-CFD7-8125-4F47-F90A7ECA9221}.Debug|Any CPU.Build.0 = Debug|Any CPU
		{5A7FDBEC-CFD7-8125-4F47-F90A7ECA9221}.Debug|x64.ActiveCfg = Debug|Any CPU
		{5A7FDBEC-CFD7-8125-4F47-F90A7ECA9221}.Debug|x64.Build.0 = Debug|Any CPU
		{5A7FDBEC-CFD7-8125-4F47-F90A7ECA9221}.Debug|x86.ActiveCfg = Debug|Any CPU
		{5A7FDBEC-CFD7-8125-4F47-F90A7ECA9221}.Debug|x86.Build.0 = Debug|Any CPU
		{5A7FDBEC-CFD7-8125-4F47-F90A7ECA9221}.Release|Any CPU.ActiveCfg = Release|Any CPU
		{5A7FDBEC-CFD7-8125-4F47-F90A7ECA9221}.Release|Any CPU.Build.0 = Release|Any CPU
		{5A7FDBEC-CFD7-8125-4F47-F90A7ECA9221}.Release|x64.ActiveCfg = Release|Any CPU
		{5A7FDBEC-CFD7-8125-4F47-F90A7ECA9221}.Release|x64.Build.0 = Release|Any CPU
		{5A7FDBEC-CFD7-8125-4F47-F90A7ECA9221}.Release|x86.ActiveCfg = Release|Any CPU
		{5A7FDBEC-CFD7-8125-4F47-F90A7ECA9221}.Release|x86.Build.0 = Release|Any CPU
		{DBE16157-BDCF-4A1B-AC51-CA2E4EBCD599}.Debug|Any CPU.ActiveCfg = Debug|Any CPU
		{DBE16157-BDCF-4A1B-AC51-CA2E4EBCD599}.Debug|Any CPU.Build.0 = Debug|Any CPU
		{DBE16157-BDCF-4A1B-AC51-CA2E4EBCD599}.Debug|x64.ActiveCfg = Debug|Any CPU
		{DBE16157-BDCF-4A1B-AC51-CA2E4EBCD599}.Debug|x64.Build.0 = Debug|Any CPU
		{DBE16157-BDCF-4A1B-AC51-CA2E4EBCD599}.Debug|x86.ActiveCfg = Debug|Any CPU
		{DBE16157-BDCF-4A1B-AC51-CA2E4EBCD599}.Debug|x86.Build.0 = Debug|Any CPU
		{DBE16157-BDCF-4A1B-AC51-CA2E4EBCD599}.Release|Any CPU.ActiveCfg = Release|Any CPU
		{DBE16157-BDCF-4A1B-AC51-CA2E4EBCD599}.Release|Any CPU.Build.0 = Release|Any CPU
		{DBE16157-BDCF-4A1B-AC51-CA2E4EBCD599}.Release|x64.ActiveCfg = Release|Any CPU
		{DBE16157-BDCF-4A1B-AC51-CA2E4EBCD599}.Release|x64.Build.0 = Release|Any CPU
		{DBE16157-BDCF-4A1B-AC51-CA2E4EBCD599}.Release|x86.ActiveCfg = Release|Any CPU
		{DBE16157-BDCF-4A1B-AC51-CA2E4EBCD599}.Release|x86.Build.0 = Release|Any CPU
		{ECDFB855-859C-4F9D-B97B-47545513F30B}.Debug|Any CPU.ActiveCfg = Debug|Any CPU
		{ECDFB855-859C-4F9D-B97B-47545513F30B}.Debug|Any CPU.Build.0 = Debug|Any CPU
		{ECDFB855-859C-4F9D-B97B-47545513F30B}.Debug|x64.ActiveCfg = Debug|Any CPU
		{ECDFB855-859C-4F9D-B97B-47545513F30B}.Debug|x64.Build.0 = Debug|Any CPU
		{ECDFB855-859C-4F9D-B97B-47545513F30B}.Debug|x86.ActiveCfg = Debug|Any CPU
		{ECDFB855-859C-4F9D-B97B-47545513F30B}.Debug|x86.Build.0 = Debug|Any CPU
		{ECDFB855-859C-4F9D-B97B-47545513F30B}.Release|Any CPU.ActiveCfg = Release|Any CPU
		{ECDFB855-859C-4F9D-B97B-47545513F30B}.Release|Any CPU.Build.0 = Release|Any CPU
		{ECDFB855-859C-4F9D-B97B-47545513F30B}.Release|x64.ActiveCfg = Release|Any CPU
		{ECDFB855-859C-4F9D-B97B-47545513F30B}.Release|x64.Build.0 = Release|Any CPU
		{ECDFB855-859C-4F9D-B97B-47545513F30B}.Release|x86.ActiveCfg = Release|Any CPU
		{ECDFB855-859C-4F9D-B97B-47545513F30B}.Release|x86.Build.0 = Release|Any CPU
		{E1385EF7-C99C-4AB6-87F6-9BCA03A995F9}.Debug|Any CPU.ActiveCfg = Debug|Any CPU
		{E1385EF7-C99C-4AB6-87F6-9BCA03A995F9}.Debug|Any CPU.Build.0 = Debug|Any CPU
		{E1385EF7-C99C-4AB6-87F6-9BCA03A995F9}.Debug|x64.ActiveCfg = Debug|Any CPU
		{E1385EF7-C99C-4AB6-87F6-9BCA03A995F9}.Debug|x64.Build.0 = Debug|Any CPU
		{E1385EF7-C99C-4AB6-87F6-9BCA03A995F9}.Debug|x86.ActiveCfg = Debug|Any CPU
		{E1385EF7-C99C-4AB6-87F6-9BCA03A995F9}.Debug|x86.Build.0 = Debug|Any CPU
		{E1385EF7-C99C-4AB6-87F6-9BCA03A995F9}.Release|Any CPU.ActiveCfg = Release|Any CPU
		{E1385EF7-C99C-4AB6-87F6-9BCA03A995F9}.Release|Any CPU.Build.0 = Release|Any CPU
		{E1385EF7-C99C-4AB6-87F6-9BCA03A995F9}.Release|x64.ActiveCfg = Release|Any CPU
		{E1385EF7-C99C-4AB6-87F6-9BCA03A995F9}.Release|x64.Build.0 = Release|Any CPU
		{E1385EF7-C99C-4AB6-87F6-9BCA03A995F9}.Release|x86.ActiveCfg = Release|Any CPU
		{E1385EF7-C99C-4AB6-87F6-9BCA03A995F9}.Release|x86.Build.0 = Release|Any CPU
		{95BAF595-6782-4D9A-9C06-50DC6CC16217}.Debug|Any CPU.ActiveCfg = Debug|Any CPU
		{95BAF595-6782-4D9A-9C06-50DC6CC16217}.Debug|Any CPU.Build.0 = Debug|Any CPU
		{95BAF595-6782-4D9A-9C06-50DC6CC16217}.Debug|x64.ActiveCfg = Debug|Any CPU
		{95BAF595-6782-4D9A-9C06-50DC6CC16217}.Debug|x64.Build.0 = Debug|Any CPU
		{95BAF595-6782-4D9A-9C06-50DC6CC16217}.Debug|x86.ActiveCfg = Debug|Any CPU
		{95BAF595-6782-4D9A-9C06-50DC6CC16217}.Debug|x86.Build.0 = Debug|Any CPU
		{95BAF595-6782-4D9A-9C06-50DC6CC16217}.Release|Any CPU.ActiveCfg = Release|Any CPU
		{95BAF595-6782-4D9A-9C06-50DC6CC16217}.Release|Any CPU.Build.0 = Release|Any CPU
		{95BAF595-6782-4D9A-9C06-50DC6CC16217}.Release|x64.ActiveCfg = Release|Any CPU
		{95BAF595-6782-4D9A-9C06-50DC6CC16217}.Release|x64.Build.0 = Release|Any CPU
		{95BAF595-6782-4D9A-9C06-50DC6CC16217}.Release|x86.ActiveCfg = Release|Any CPU
		{95BAF595-6782-4D9A-9C06-50DC6CC16217}.Release|x86.Build.0 = Release|Any CPU
		{1A2B3C4D-5E6F-7081-92A3-B4C5D6E7F809}.Debug|Any CPU.ActiveCfg = Debug|Any CPU
		{1A2B3C4D-5E6F-7081-92A3-B4C5D6E7F809}.Debug|Any CPU.Build.0 = Debug|Any CPU
		{1A2B3C4D-5E6F-7081-92A3-B4C5D6E7F809}.Debug|x64.ActiveCfg = Debug|Any CPU
		{1A2B3C4D-5E6F-7081-92A3-B4C5D6E7F809}.Debug|x64.Build.0 = Debug|Any CPU
		{1A2B3C4D-5E6F-7081-92A3-B4C5D6E7F809}.Debug|x86.ActiveCfg = Debug|Any CPU
		{1A2B3C4D-5E6F-7081-92A3-B4C5D6E7F809}.Debug|x86.Build.0 = Debug|Any CPU
		{1A2B3C4D-5E6F-7081-92A3-B4C5D6E7F809}.Release|Any CPU.ActiveCfg = Release|Any CPU
		{1A2B3C4D-5E6F-7081-92A3-B4C5D6E7F809}.Release|Any CPU.Build.0 = Release|Any CPU
		{1A2B3C4D-5E6F-7081-92A3-B4C5D6E7F809}.Release|x64.ActiveCfg = Release|Any CPU
		{1A2B3C4D-5E6F-7081-92A3-B4C5D6E7F809}.Release|x64.Build.0 = Release|Any CPU
		{1A2B3C4D-5E6F-7081-92A3-B4C5D6E7F809}.Release|x86.ActiveCfg = Release|Any CPU
		{1A2B3C4D-5E6F-7081-92A3-B4C5D6E7F809}.Release|x86.Build.0 = Release|Any CPU
		{C19F8EBC-613C-45F0-8EA1-F1526806BC03}.Debug|Any CPU.ActiveCfg = Debug|Any CPU
		{C19F8EBC-613C-45F0-8EA1-F1526806BC03}.Debug|Any CPU.Build.0 = Debug|Any CPU
		{C19F8EBC-613C-45F0-8EA1-F1526806BC03}.Debug|x64.ActiveCfg = Debug|Any CPU
		{C19F8EBC-613C-45F0-8EA1-F1526806BC03}.Debug|x64.Build.0 = Debug|Any CPU
		{C19F8EBC-613C-45F0-8EA1-F1526806BC03}.Debug|x86.ActiveCfg = Debug|Any CPU
		{C19F8EBC-613C-45F0-8EA1-F1526806BC03}.Debug|x86.Build.0 = Debug|Any CPU
		{C19F8EBC-613C-45F0-8EA1-F1526806BC03}.Release|Any CPU.ActiveCfg = Release|Any CPU
		{C19F8EBC-613C-45F0-8EA1-F1526806BC03}.Release|Any CPU.Build.0 = Release|Any CPU
		{C19F8EBC-613C-45F0-8EA1-F1526806BC03}.Release|x64.ActiveCfg = Release|Any CPU
		{C19F8EBC-613C-45F0-8EA1-F1526806BC03}.Release|x64.Build.0 = Release|Any CPU
		{C19F8EBC-613C-45F0-8EA1-F1526806BC03}.Release|x86.ActiveCfg = Release|Any CPU
		{C19F8EBC-613C-45F0-8EA1-F1526806BC03}.Release|x86.Build.0 = Release|Any CPU
		{0AE4CE1B-4FCA-49FC-A4E7-FA6BDD7ECDE5}.Debug|Any CPU.ActiveCfg = Debug|Any CPU
		{0AE4CE1B-4FCA-49FC-A4E7-FA6BDD7ECDE5}.Debug|Any CPU.Build.0 = Debug|Any CPU
		{0AE4CE1B-4FCA-49FC-A4E7-FA6BDD7ECDE5}.Debug|x64.ActiveCfg = Debug|Any CPU
		{0AE4CE1B-4FCA-49FC-A4E7-FA6BDD7ECDE5}.Debug|x64.Build.0 = Debug|Any CPU
		{0AE4CE1B-4FCA-49FC-A4E7-FA6BDD7ECDE5}.Debug|x86.ActiveCfg = Debug|Any CPU
		{0AE4CE1B-4FCA-49FC-A4E7-FA6BDD7ECDE5}.Debug|x86.Build.0 = Debug|Any CPU
		{0AE4CE1B-4FCA-49FC-A4E7-FA6BDD7ECDE5}.Release|Any CPU.ActiveCfg = Release|Any CPU
		{0AE4CE1B-4FCA-49FC-A4E7-FA6BDD7ECDE5}.Release|Any CPU.Build.0 = Release|Any CPU
		{0AE4CE1B-4FCA-49FC-A4E7-FA6BDD7ECDE5}.Release|x64.ActiveCfg = Release|Any CPU
		{0AE4CE1B-4FCA-49FC-A4E7-FA6BDD7ECDE5}.Release|x64.Build.0 = Release|Any CPU
		{0AE4CE1B-4FCA-49FC-A4E7-FA6BDD7ECDE5}.Release|x86.ActiveCfg = Release|Any CPU
		{0AE4CE1B-4FCA-49FC-A4E7-FA6BDD7ECDE5}.Release|x86.Build.0 = Release|Any CPU
		{8FD9BADE-A0F1-4911-98FD-ACEDFDF576FB}.Debug|Any CPU.ActiveCfg = Debug|Any CPU
		{8FD9BADE-A0F1-4911-98FD-ACEDFDF576FB}.Debug|Any CPU.Build.0 = Debug|Any CPU
		{8FD9BADE-A0F1-4911-98FD-ACEDFDF576FB}.Debug|x64.ActiveCfg = Debug|Any CPU
		{8FD9BADE-A0F1-4911-98FD-ACEDFDF576FB}.Debug|x64.Build.0 = Debug|Any CPU
		{8FD9BADE-A0F1-4911-98FD-ACEDFDF576FB}.Debug|x86.ActiveCfg = Debug|Any CPU
		{8FD9BADE-A0F1-4911-98FD-ACEDFDF576FB}.Debug|x86.Build.0 = Debug|Any CPU
		{8FD9BADE-A0F1-4911-98FD-ACEDFDF576FB}.Release|Any CPU.ActiveCfg = Release|Any CPU
		{8FD9BADE-A0F1-4911-98FD-ACEDFDF576FB}.Release|Any CPU.Build.0 = Release|Any CPU
		{8FD9BADE-A0F1-4911-98FD-ACEDFDF576FB}.Release|x64.ActiveCfg = Release|Any CPU
		{8FD9BADE-A0F1-4911-98FD-ACEDFDF576FB}.Release|x64.Build.0 = Release|Any CPU
		{8FD9BADE-A0F1-4911-98FD-ACEDFDF576FB}.Release|x86.ActiveCfg = Release|Any CPU
		{8FD9BADE-A0F1-4911-98FD-ACEDFDF576FB}.Release|x86.Build.0 = Release|Any CPU
		{E9BAE0B6-4A2E-4E39-967B-26C5DCA72D2A}.Debug|Any CPU.ActiveCfg = Debug|Any CPU
		{E9BAE0B6-4A2E-4E39-967B-26C5DCA72D2A}.Debug|Any CPU.Build.0 = Debug|Any CPU
		{E9BAE0B6-4A2E-4E39-967B-26C5DCA72D2A}.Debug|x64.ActiveCfg = Debug|Any CPU
		{E9BAE0B6-4A2E-4E39-967B-26C5DCA72D2A}.Debug|x64.Build.0 = Debug|Any CPU
		{E9BAE0B6-4A2E-4E39-967B-26C5DCA72D2A}.Debug|x86.ActiveCfg = Debug|Any CPU
		{E9BAE0B6-4A2E-4E39-967B-26C5DCA72D2A}.Debug|x86.Build.0 = Debug|Any CPU
		{E9BAE0B6-4A2E-4E39-967B-26C5DCA72D2A}.Release|Any CPU.ActiveCfg = Release|Any CPU
		{E9BAE0B6-4A2E-4E39-967B-26C5DCA72D2A}.Release|Any CPU.Build.0 = Release|Any CPU
		{E9BAE0B6-4A2E-4E39-967B-26C5DCA72D2A}.Release|x64.ActiveCfg = Release|Any CPU
		{E9BAE0B6-4A2E-4E39-967B-26C5DCA72D2A}.Release|x64.Build.0 = Release|Any CPU
		{E9BAE0B6-4A2E-4E39-967B-26C5DCA72D2A}.Release|x86.ActiveCfg = Release|Any CPU
		{E9BAE0B6-4A2E-4E39-967B-26C5DCA72D2A}.Release|x86.Build.0 = Release|Any CPU
		{BECA4FC2-C760-4E07-B8CC-D45394AD68DB}.Debug|Any CPU.ActiveCfg = Debug|Any CPU
		{BECA4FC2-C760-4E07-B8CC-D45394AD68DB}.Debug|Any CPU.Build.0 = Debug|Any CPU
		{BECA4FC2-C760-4E07-B8CC-D45394AD68DB}.Debug|x64.ActiveCfg = Debug|Any CPU
		{BECA4FC2-C760-4E07-B8CC-D45394AD68DB}.Debug|x64.Build.0 = Debug|Any CPU
		{BECA4FC2-C760-4E07-B8CC-D45394AD68DB}.Debug|x86.ActiveCfg = Debug|Any CPU
		{BECA4FC2-C760-4E07-B8CC-D45394AD68DB}.Debug|x86.Build.0 = Debug|Any CPU
		{BECA4FC2-C760-4E07-B8CC-D45394AD68DB}.Release|Any CPU.ActiveCfg = Release|Any CPU
		{BECA4FC2-C760-4E07-B8CC-D45394AD68DB}.Release|Any CPU.Build.0 = Release|Any CPU
		{BECA4FC2-C760-4E07-B8CC-D45394AD68DB}.Release|x64.ActiveCfg = Release|Any CPU
		{BECA4FC2-C760-4E07-B8CC-D45394AD68DB}.Release|x64.Build.0 = Release|Any CPU
		{BECA4FC2-C760-4E07-B8CC-D45394AD68DB}.Release|x86.ActiveCfg = Release|Any CPU
		{BECA4FC2-C760-4E07-B8CC-D45394AD68DB}.Release|x86.Build.0 = Release|Any CPU
	EndGlobalSection
	GlobalSection(SolutionProperties) = preSolution
		HideSolutionNode = FALSE
	EndGlobalSection
	GlobalSection(NestedProjects) = preSolution
		{DBE5FE05-4AC7-75EB-F4A0-F528F4912CC8} = {827E0CD3-B72D-47B6-A68D-7590B98EB39B}
		{8E180AF0-2349-9E64-231F-42F456596F15} = {827E0CD3-B72D-47B6-A68D-7590B98EB39B}
		{845DDDCF-1EA1-7AA3-FAE4-1A300776A651} = {827E0CD3-B72D-47B6-A68D-7590B98EB39B}
		{5A7FDBEC-CFD7-8125-4F47-F90A7ECA9221} = {827E0CD3-B72D-47B6-A68D-7590B98EB39B}
		{DBE16157-BDCF-4A1B-AC51-CA2E4EBCD599} = {827E0CD3-B72D-47B6-A68D-7590B98EB39B}
		{ECDFB855-859C-4F9D-B97B-47545513F30B} = {827E0CD3-B72D-47B6-A68D-7590B98EB39B}
		{E1385EF7-C99C-4AB6-87F6-9BCA03A995F9} = {827E0CD3-B72D-47B6-A68D-7590B98EB39B}
		{95BAF595-6782-4D9A-9C06-50DC6CC16217} = {827E0CD3-B72D-47B6-A68D-7590B98EB39B}
		{1A2B3C4D-5E6F-7081-92A3-B4C5D6E7F809} = {827E0CD3-B72D-47B6-A68D-7590B98EB39B}
		{C19F8EBC-613C-45F0-8EA1-F1526806BC03} = {827E0CD3-B72D-47B6-A68D-7590B98EB39B}
		{0AE4CE1B-4FCA-49FC-A4E7-FA6BDD7ECDE5} = {827E0CD3-B72D-47B6-A68D-7590B98EB39B}
		{8FD9BADE-A0F1-4911-98FD-ACEDFDF576FB} = {827E0CD3-B72D-47B6-A68D-7590B98EB39B}
		{E9BAE0B6-4A2E-4E39-967B-26C5DCA72D2A} = {827E0CD3-B72D-47B6-A68D-7590B98EB39B}
		{BECA4FC2-C760-4E07-B8CC-D45394AD68DB} = {827E0CD3-B72D-47B6-A68D-7590B98EB39B}
	EndGlobalSection
	GlobalSection(ExtensibilityGlobals) = postSolution
		SolutionGuid = {D0A57DBA-91D1-4171-A627-1ADE8A8ACB04}
	EndGlobalSection
EndGlobal
